
Microsoft Visual Studio Solution File, Format Version 12.00
# Visual Studio Version 17
VisualStudioVersion = 17.14.36518.9 d17.14
MinimumVisualStudioVersion = 10.0.40219.1
Project("{FAE04EC0-301F-11D3-BF4B-00C04F79EFBC}") = "SoanVanBan", "SoanVanBan\SoanVanBan.csproj", "{077BE33B-069D-401A-B73E-257B1D98EF77}"
EndProject
Global
	GlobalSection(SolutionConfigurationPlatforms) = preSolution
		Debug|Any CPU = Debug|Any CPU
		Release|Any CPU = Release|Any CPU
	EndGlobalSection
	GlobalSection(ProjectConfigurationPlatforms) = postSolution
		{077BE33B-069D-401A-B73E-257B1D98EF77}.Debug|Any CPU.ActiveCfg = Debug|Any CPU
		{077BE33B-069D-401A-B73E-257B1D98EF77}.Debug|Any CPU.Build.0 = Debug|Any CPU
		{077BE33B-069D-401A-B73E-257B1D98EF77}.Release|Any CPU.ActiveCfg = Release|Any CPU
		{077BE33B-069D-401A-B73E-257B1D98EF77}.Release|Any CPU.Build.0 = Release|Any CPU
	EndGlobalSection
	GlobalSection(SolutionProperties) = preSolution
		HideSolutionNode = FALSE
	EndGlobalSection
	GlobalSection(ExtensibilityGlobals) = postSolution
		SolutionGuid = {7CC9FC7A-53E5-48FE-819D-46EB8B321AF7}
	EndGlobalSection
EndGlobal
